
Microsoft Visual Studio Solution File, Format Version 12.00
# Visual Studio Version 17
VisualStudioVersion = 17.8.34511.84
MinimumVisualStudioVersion = 10.0.40219.1
Project("{FAE04EC0-301F-11D3-BF4B-00C04F79EFBC}") = "PasswordManager.Backend", "PasswordManager.Backend\PasswordManager.Backend.csproj", "{71188445-050C-4932-B726-61B1A48AB8EF}"
EndProject
Global
	GlobalSection(SolutionConfigurationPlatforms) = preSolution
		Debug|Any CPU = Debug|Any CPU
		Release|Any CPU = Release|Any CPU
	EndGlobalSection
	GlobalSection(ProjectConfigurationPlatforms) = postSolution
		{71188445-050C-4932-B726-61B1A48AB8EF}.Debug|Any CPU.ActiveCfg = Debug|Any CPU
		{71188445-050C-4932-B726-61B1A48AB8EF}.Debug|Any CPU.Build.0 = Debug|Any CPU
		{71188445-050C-4932-B726-61B1A48AB8EF}.Release|Any CPU.ActiveCfg = Release|Any CPU
		{71188445-050C-4932-B726-61B1A48AB8EF}.Release|Any CPU.Build.0 = Release|Any CPU
	EndGlobalSection
	GlobalSection(SolutionProperties) = preSolution
		HideSolutionNode = FALSE
	EndGlobalSection
	GlobalSection(ExtensibilityGlobals) = postSolution
		SolutionGuid = {A711F8C6-C2AC-4616-927B-2EF7F2F59485}
	EndGlobalSection
EndGlobal
